<Solution>
  <Folder Name="/src/">
    <Project Path="src/GhidraSharp/GhidraSharp.csproj" />
    <Project Path="src/GhidraSharp.Sample/GhidraSharp.Sample.csproj" />
  </Folder>
  <Folder Name="/bench/">
    <Project Path="bench/GhidraSharp.Parity/GhidraSharp.Parity.csproj" />
  </Folder>
  <Folder Name="/tests/">
    <Project Path="tests/GhidraSharp.Tests/GhidraSharp.Tests.csproj" />
  </Folder>
</Solution>
